
Microsoft Visual Studio Solution File, Format Version 12.00
# Visual Studio 15
VisualStudioVersion = 15.0.27130.2024
MinimumVisualStudioVersion = 10.0.40219.1
Project("{9A19103F-16F7-4668-BE54-9A1E7A4F7556}") = "SolidStack.Core.Guards", "SolidStack.Core.Guards\SolidStack.Core.Guards.csproj", "{0C7E071B-021D-48F3-9306-A10B38A034D8}"
EndProject
Project("{9A19103F-16F7-4668-BE54-9A1E7A4F7556}") = "SolidStack.Core.Guards.Tests", "SolidStack.Core.Guards.Tests\SolidStack.Core.Guards.Tests.csproj", "{3F4308F7-20C6-4E5E-BB94-8681BEEF3E3A}"
EndProject
Project("{9A19103F-16F7-4668-BE54-9A1E7A4F7556}") = "SolidStack.Testing.Xunit", "SolidStack.Testing.Xunit\SolidStack.Testing.Xunit.csproj", "{5AE73D94-930C-4AA3-AA1D-704B9B28FB5C}"
EndProject
Project("{9A19103F-16F7-4668-BE54-9A1E7A4F7556}") = "SolidStack.Core.Flow", "SolidStack.Core.Flow\SolidStack.Core.Flow.csproj", "{193DDAA2-AD28-4892-B6D9-C155EA6BA698}"
EndProject
Project("{9A19103F-16F7-4668-BE54-9A1E7A4F7556}") = "SolidStack.Core.Flow.Tests", "SolidStack.Core.Flow.Tests\SolidStack.Core.Flow.Tests.csproj", "{C0E17594-BC69-4D31-ABD8-E74773D2CAD1}"
EndProject
Project("{2150E333-8FDC-42A3-9474-1A3956D46DE8}") = "Core", "Core", "{AD1E680F-CAD7-4F71-A153-010E963A8685}"
EndProject
Project("{2150E333-8FDC-42A3-9474-1A3956D46DE8}") = "Testing", "Testing", "{50EFF3CA-6249-4DEB-9CAC-D71C1DFFD922}"
EndProject
Project("{9A19103F-16F7-4668-BE54-9A1E7A4F7556}") = "SolidStack.Core.Equality", "SolidStack.Core.Equality\SolidStack.Core.Equality.csproj", "{0B8DC425-446E-4F64-8E08-CDBD9B6B90EB}"
EndProject
Project("{FAE04EC0-301F-11D3-BF4B-00C04F79EFBC}") = "SolidStack.Core.Equality.Tests", "SolidStack.Core.Equality.Tests\SolidStack.Core.Equality.Tests.csproj", "{5C6B6CCD-49C0-42A3-96F0-244159E192B6}"
EndProject
Project("{FAE04EC0-301F-11D3-BF4B-00C04F79EFBC}") = "SolidStack.Core.Equality.Testing", "SolidStack.Core.Equality.Testing\SolidStack.Core.Equality.Testing.csproj", "{0F4F6EC6-02AD-4759-B8FD-1530A23DB690}"
EndProject
Project("{2150E333-8FDC-42A3-9474-1A3956D46DE8}") = "Equality", "Equality", "{CE6BEC8D-8C71-4F81-8984-D34DE98ECA7A}"
EndProject
Project("{2150E333-8FDC-42A3-9474-1A3956D46DE8}") = "Flow", "Flow", "{CB9005C2-1D3F-458B-8456-1EC76B7B737D}"
EndProject
Project("{2150E333-8FDC-42A3-9474-1A3956D46DE8}") = "Guards", "Guards", "{3E7B9F09-84C0-4FA8-9E45-1FED01E918E3}"
EndProject
Global
	GlobalSection(SolutionConfigurationPlatforms) = preSolution
		Debug|Any CPU = Debug|Any CPU
		Release|Any CPU = Release|Any CPU
	EndGlobalSection
	GlobalSection(ProjectConfigurationPlatforms) = postSolution
		{0C7E071B-021D-48F3-9306-A10B38A034D8}.Debug|Any CPU.ActiveCfg = Debug|Any CPU
		{0C7E071B-021D-48F3-9306-A10B38A034D8}.Debug|Any CPU.Build.0 = Debug|Any CPU
		{0C7E071B-021D-48F3-9306-A10B38A034D8}.Release|Any CPU.ActiveCfg = Release|Any CPU
		{0C7E071B-021D-48F3-9306-A10B38A034D8}.Release|Any CPU.Build.0 = Release|Any CPU
		{3F4308F7-20C6-4E5E-BB94-8681BEEF3E3A}.Debug|Any CPU.ActiveCfg = Debug|Any CPU
		{3F4308F7-20C6-4E5E-BB94-8681BEEF3E3A}.Debug|Any CPU.Build.0 = Debug|Any CPU
		{3F4308F7-20C6-4E5E-BB94-8681BEEF3E3A}.Release|Any CPU.ActiveCfg = Release|Any CPU
		{3F4308F7-20C6-4E5E-BB94-8681BEEF3E3A}.Release|Any CPU.Build.0 = Release|Any CPU
		{5AE73D94-930C-4AA3-AA1D-704B9B28FB5C}.Debug|Any CPU.ActiveCfg = Debug|Any CPU
		{5AE73D94-930C-4AA3-AA1D-704B9B28FB5C}.Debug|Any CPU.Build.0 = Debug|Any CPU
		{5AE73D94-930C-4AA3-AA1D-704B9B28FB5C}.Release|Any CPU.ActiveCfg = Release|Any CPU
		{5AE73D94-930C-4AA3-AA1D-704B9B28FB5C}.Release|Any CPU.Build.0 = Release|Any CPU
		{193DDAA2-AD28-4892-B6D9-C155EA6BA698}.Debug|Any CPU.ActiveCfg = Debug|Any CPU
		{193DDAA2-AD28-4892-B6D9-C155EA6BA698}.Debug|Any CPU.Build.0 = Debug|Any CPU
		{193DDAA2-AD28-4892-B6D9-C155EA6BA698}.Release|Any CPU.ActiveCfg = Release|Any CPU
		{193DDAA2-AD28-4892-B6D9-C155EA6BA698}.Release|Any CPU.Build.0 = Release|Any CPU
		{C0E17594-BC69-4D31-ABD8-E74773D2CAD1}.Debug|Any CPU.ActiveCfg = Debug|Any CPU
		{C0E17594-BC69-4D31-ABD8-E74773D2CAD1}.Debug|Any CPU.Build.0 = Debug|Any CPU
		{C0E17594-BC69-4D31-ABD8-E74773D2CAD1}.Release|Any CPU.ActiveCfg = Release|Any CPU
		{C0E17594-BC69-4D31-ABD8-E74773D2CAD1}.Release|Any CPU.Build.0 = Release|Any CPU
		{0B8DC425-446E-4F64-8E08-CDBD9B6B90EB}.Debug|Any CPU.ActiveCfg = Debug|Any CPU
		{0B8DC425-446E-4F64-8E08-CDBD9B6B90EB}.Debug|Any CPU.Build.0 = Debug|Any CPU
		{0B8DC425-446E-4F64-8E08-CDBD9B6B90EB}.Release|Any CPU.ActiveCfg = Release|Any CPU
		{0B8DC425-446E-4F64-8E08-CDBD9B6B90EB}.Release|Any CPU.Build.0 = Release|Any CPU
		{5C6B6CCD-49C0-42A3-96F0-244159E192B6}.Debug|Any CPU.ActiveCfg = Debug|Any CPU
		{5C6B6CCD-49C0-42A3-96F0-244159E192B6}.Debug|Any CPU.Build.0 = Debug|Any CPU
		{5C6B6CCD-49C0-42A3-96F0-244159E192B6}.Release|Any CPU.ActiveCfg = Release|Any CPU
		{5C6B6CCD-49C0-42A3-96F0-244159E192B6}.Release|Any CPU.Build.0 = Release|Any CPU
		{0F4F6EC6-02AD-4759-B8FD-1530A23DB690}.Debug|Any CPU.ActiveCfg = Debug|Any CPU
		{0F4F6EC6-02AD-4759-B8FD-1530A23DB690}.Debug|Any CPU.Build.0 = Debug|Any CPU
		{0F4F6EC6-02AD-4759-B8FD-1530A23DB690}.Release|Any CPU.ActiveCfg = Release|Any CPU
		{0F4F6EC6-02AD-4759-B8FD-1530A23DB690}.Release|Any CPU.Build.0 = Release|Any CPU
	EndGlobalSection
	GlobalSection(SolutionProperties) = preSolution
		HideSolutionNode = FALSE
	EndGlobalSection
	GlobalSection(NestedProjects) = preSolution
		{0C7E071B-021D-48F3-9306-A10B38A034D8} = {3E7B9F09-84C0-4FA8-9E45-1FED01E918E3}
		{3F4308F7-20C6-4E5E-BB94-8681BEEF3E3A} = {3E7B9F09-84C0-4FA8-9E45-1FED01E918E3}
		{5AE73D94-930C-4AA3-AA1D-704B9B28FB5C} = {50EFF3CA-6249-4DEB-9CAC-D71C1DFFD922}
		{193DDAA2-AD28-4892-B6D9-C155EA6BA698} = {CB9005C2-1D3F-458B-8456-1EC76B7B737D}
		{C0E17594-BC69-4D31-ABD8-E74773D2CAD1} = {CB9005C2-1D3F-458B-8456-1EC76B7B737D}
		{0B8DC425-446E-4F64-8E08-CDBD9B6B90EB} = {CE6BEC8D-8C71-4F81-8984-D34DE98ECA7A}
		{5C6B6CCD-49C0-42A3-96F0-244159E192B6} = {CE6BEC8D-8C71-4F81-8984-D34DE98ECA7A}
		{0F4F6EC6-02AD-4759-B8FD-1530A23DB690} = {CE6BEC8D-8C71-4F81-8984-D34DE98ECA7A}
		{CE6BEC8D-8C71-4F81-8984-D34DE98ECA7A} = {AD1E680F-CAD7-4F71-A153-010E963A8685}
		{CB9005C2-1D3F-458B-8456-1EC76B7B737D} = {AD1E680F-CAD7-4F71-A153-010E963A8685}
		{3E7B9F09-84C0-4FA8-9E45-1FED01E918E3} = {AD1E680F-CAD7-4F71-A153-010E963A8685}
	EndGlobalSection
	GlobalSection(ExtensibilityGlobals) = postSolution
		SolutionGuid = {A31C7CBE-244A-4FA0-9D34-B202D205602E}
	EndGlobalSection
EndGlobal
